
Microsoft Visual Studio Solution File, Format Version 11.00
# Visual Studio 2010
Project("{FAE04EC0-301F-11D3-BF4B-00C04F79EFBC}") = "PexBinaryHeap", "PexBinaryHeap\PexBinaryHeap.csproj", "{7CFDF606-BDAD-4276-9A04-F0D78D1A0A0A}"
EndProject
Project("{FAE04EC0-301F-11D3-BF4B-00C04F79EFBC}") = "PexBinaryHeap.Tests.Pex", "PexBinaryHeap.Tests.Pex\PexBinaryHeap.Tests.Pex.csproj", "{5FFCE23B-BDE0-430F-800F-E33B70A40F09}"
EndProject
Project("{2150E333-8FDC-42A3-9474-1A3956D46DE8}") = ".nuget", ".nuget", "{BEF2A941-439D-4C44-B4AB-3B9BA0E1D175}"
	ProjectSection(SolutionItems) = preProject
		.nuget\NuGet.exe = .nuget\NuGet.exe
		.nuget\NuGet.targets = .nuget\NuGet.targets
	EndProjectSection
EndProject
Global
	GlobalSection(SolutionConfigurationPlatforms) = preSolution
		Debug|Any CPU = Debug|Any CPU
		Release|Any CPU = Release|Any CPU
	EndGlobalSection
	GlobalSection(ProjectConfigurationPlatforms) = postSolution
		{7CFDF606-BDAD-4276-9A04-F0D78D1A0A0A}.Debug|Any CPU.ActiveCfg = Debug|Any CPU
		{7CFDF606-BDAD-4276-9A04-F0D78D1A0A0A}.Debug|Any CPU.Build.0 = Debug|Any CPU
		{7CFDF606-BDAD-4276-9A04-F0D78D1A0A0A}.Release|Any CPU.ActiveCfg = Release|Any CPU
		{7CFDF606-BDAD-4276-9A04-F0D78D1A0A0A}.Release|Any CPU.Build.0 = Release|Any CPU
		{5FFCE23B-BDE0-430F-800F-E33B70A40F09}.Debug|Any CPU.ActiveCfg = Debug|Any CPU
		{5FFCE23B-BDE0-430F-800F-E33B70A40F09}.Debug|Any CPU.Build.0 = Debug|Any CPU
		{5FFCE23B-BDE0-430F-800F-E33B70A40F09}.Release|Any CPU.ActiveCfg = Release|Any CPU
		{5FFCE23B-BDE0-430F-800F-E33B70A40F09}.Release|Any CPU.Build.0 = Release|Any CPU
	EndGlobalSection
	GlobalSection(SolutionProperties) = preSolution
		HideSolutionNode = FALSE
	EndGlobalSection
EndGlobal
